
Microsoft Visual Studio Solution File, Format Version 12.00
Project("{FAE04EC0-301F-11D3-BF4B-00C04F79EFBC}") = "ChatRoom.Client", "ChatRoom.Client\ChatRoom.Client.csproj", "{08C989A6-62FD-442A-B886-A4FF724E90C2}"
EndProject
Project("{FAE04EC0-301F-11D3-BF4B-00C04F79EFBC}") = "ChatRoom.Server", "ChatRoom.Server\ChatRoom.Server.csproj", "{E984FBC9-6B75-4FB6-B1FF-60AE4E7D7CD8}"
EndProject
Project("{FAE04EC0-301F-11D3-BF4B-00C04F79EFBC}") = "ChatRoom.Tests", "ChatRoom.Tests\ChatRoom.Tests.csproj", "{D295A5EF-48E0-4AD7-90A8-ACC92C0D27C6}"
EndProject
Global
	GlobalSection(SolutionConfigurationPlatforms) = preSolution
		Debug|Any CPU = Debug|Any CPU
		Release|Any CPU = Release|Any CPU
	EndGlobalSection
	GlobalSection(ProjectConfigurationPlatforms) = postSolution
		{08C989A6-62FD-442A-B886-A4FF724E90C2}.Debug|Any CPU.ActiveCfg = Debug|Any CPU
		{08C989A6-62FD-442A-B886-A4FF724E90C2}.Debug|Any CPU.Build.0 = Debug|Any CPU
		{08C989A6-62FD-442A-B886-A4FF724E90C2}.Release|Any CPU.ActiveCfg = Release|Any CPU
		{08C989A6-62FD-442A-B886-A4FF724E90C2}.Release|Any CPU.Build.0 = Release|Any CPU
		{E984FBC9-6B75-4FB6-B1FF-60AE4E7D7CD8}.Debug|Any CPU.ActiveCfg = Debug|Any CPU
		{E984FBC9-6B75-4FB6-B1FF-60AE4E7D7CD8}.Debug|Any CPU.Build.0 = Debug|Any CPU
		{E984FBC9-6B75-4FB6-B1FF-60AE4E7D7CD8}.Release|Any CPU.ActiveCfg = Release|Any CPU
		{E984FBC9-6B75-4FB6-B1FF-60AE4E7D7CD8}.Release|Any CPU.Build.0 = Release|Any CPU
		{D295A5EF-48E0-4AD7-90A8-ACC92C0D27C6}.Debug|Any CPU.ActiveCfg = Debug|Any CPU
		{D295A5EF-48E0-4AD7-90A8-ACC92C0D27C6}.Debug|Any CPU.Build.0 = Debug|Any CPU
		{D295A5EF-48E0-4AD7-90A8-ACC92C0D27C6}.Release|Any CPU.ActiveCfg = Release|Any CPU
		{D295A5EF-48E0-4AD7-90A8-ACC92C0D27C6}.Release|Any CPU.Build.0 = Release|Any CPU
	EndGlobalSection
EndGlobal
